// !$*UTF8*$!
{
	archiveVersion = 1;
	classes = {
	};
	objectVersion = 51;
	objects = {

/* Begin PBXBuildFile section */
		410C5C08B9145FF0355E90C0 /* Pods_ParstagramTests.framework in Frameworks */ = {isa = PBXBuildFile; fileRef = 96D0068B340D7DA8946B2100 /* Pods_ParstagramTests.framework */; };
		60C92D5925FC6F2200658B84 /* AppDelegate.swift in Sources */ = {isa = PBXBuildFile; fileRef = 60C92D5825FC6F2200658B84 /* AppDelegate.swift */; };
		60C92D5B25FC6F2200658B84 /* SceneDelegate.swift in Sources */ = {isa = PBXBuildFile; fileRef = 60C92D5A25FC6F2200658B84 /* SceneDelegate.swift */; };
		60C92D5D25FC6F2200658B84 /* ViewController.swift in Sources */ = {isa = PBXBuildFile; fileRef = 60C92D5C25FC6F2200658B84 /* ViewController.swift */; };
		60C92D6025FC6F2200658B84 /* Main.storyboard in Resources */ = {isa = PBXBuildFile; fileRef = 60C92D5E25FC6F2200658B84 /* Main.storyboard */; };
		60C92D6225FC6F2500658B84 /* Assets.xcassets in Resources */ = {isa = PBXBuildFile; fileRef = 60C92D6125FC6F2500658B84 /* Assets.xcassets */; };
		60C92D6525FC6F2500658B84 /* LaunchScreen.storyboard in Resources */ = {isa = PBXBuildFile; fileRef = 60C92D6325FC6F2500658B84 /* LaunchScreen.storyboard */; };
		60C92D7025FC6F2600658B84 /* ParstagramTests.swift in Sources */ = {isa = PBXBuildFile; fileRef = 60C92D6F25FC6F2600658B84 /* ParstagramTests.swift */; };
		60C92D7B25FC6F2600658B84 /* ParstagramUITests.swift in Sources */ = {isa = PBXBuildFile; fileRef = 60C92D7A25FC6F2600658B84 /* ParstagramUITests.swift */; };
		60C92DCB25FC743900658B84 /* LoginViewController.swift in Sources */ = {isa = PBXBuildFile; fileRef = 60C92DCA25FC743900658B84 /* LoginViewController.swift */; };
		60C92DD625FC745400658B84 /* FeedViewController.swift in Sources */ = {isa = PBXBuildFile; fileRef = 60C92DD525FC745400658B84 /* FeedViewController.swift */; };
		60C92E4B25FC866000658B84 /* CameraViewController.swift in Sources */ = {isa = PBXBuildFile; fileRef = 60C92E4A25FC866000658B84 /* CameraViewController.swift */; };
		60C92E7925FC98D500658B84 /* PostCell.swift in Sources */ = {isa = PBXBuildFile; fileRef = 60C92E7825FC98D500658B84 /* PostCell.swift */; };
		7B305ACAEE04FF924DD10097 /* Pods_Parstagram.framework in Frameworks */ = {isa = PBXBuildFile; fileRef = DE40BA17366D6C2C848C9ED7 /* Pods_Parstagram.framework */; };
		AC5B4528DBDEC83050C6881E /* Pods_Parstagram_ParstagramUITests.framework in Frameworks */ = {isa = PBXBuildFile; fileRef = 909BC74BAACDEEDB0C9650D8 /* Pods_Parstagram_ParstagramUITests.framework */; };
/* End PBXBuildFile section */

/* Begin PBXContainerItemProxy section */
		60C92D6C25FC6F2600658B84 /* PBXContainerItemProxy */ = {
			isa = PBXContainerItemProxy;
			containerPortal = 60C92D4D25FC6F2200658B84 /* Project object */;
			proxyType = 1;
			remoteGlobalIDString = 60C92D5425FC6F2200658B84;
			remoteInfo = Parstagram;
		};
		60C92D7725FC6F2600658B84 /* PBXContainerItemProxy */ = {
			isa = PBXContainerItemProxy;
			containerPortal = 60C92D4D25FC6F2200658B84 /* Project object */;
			proxyType = 1;
			remoteGlobalIDString = 60C92D5425FC6F2200658B84;
			remoteInfo = Parstagram;
		};
/* End PBXContainerItemProxy section */

/* Begin PBXFileReference section */
		05285F0C0C30A3F6ABB6F9F1 /* Pods-Parstagram.release.xcconfig */ = {isa = PBXFileReference; includeInIndex = 1; lastKnownFileType = text.xcconfig; name = "Pods-Parstagram.release.xcconfig"; path = "Target Support Files/Pods-Parstagram/Pods-Parstagram.release.xcconfig"; sourceTree = "<group>"; };
		29B78C8A353DD59E4C7622B9 /* Pods-Parstagram-ParstagramUITests.release.xcconfig */ = {isa = PBXFileReference; includeInIndex = 1; lastKnownFileType = text.xcconfig; name = "Pods-Parstagram-ParstagramUITests.release.xcconfig"; path = "Target Support Files/Pods-Parstagram-ParstagramUITests/Pods-Parstagram-ParstagramUITests.release.xcconfig"; sourceTree = "<group>"; };
		60C92D5525FC6F2200658B84 /* Parstagram.app */ = {isa = PBXFileReference; explicitFileType = wrapper.application; includeInIndex = 0; path = Parstagram.app; sourceTree = BUILT_PRODUCTS_DIR; };
		60C92D5825FC6F2200658B84 /* AppDelegate.swift */ = {isa = PBXFileReference; lastKnownFileType = sourcecode.swift; path = AppDelegate.swift; sourceTree = "<group>"; };
		60C92D5A25FC6F2200658B84 /* SceneDelegate.swift */ = {isa = PBXFileReference; lastKnownFileType = sourcecode.swift; path = SceneDelegate.swift; sourceTree = "<group>"; };
		60C92D5C25FC6F2200658B84 /* ViewController.swift */ = {isa = PBXFileReference; lastKnownFileType = sourcecode.swift; path = ViewController.swift; sourceTree = "<group>"; };
		60C92D5F25FC6F2200658B84 /* Base */ = {isa = PBXFileReference; lastKnownFileType = file.storyboard; name = Base; path = Base.lproj/Main.storyboard; sourceTree = "<group>"; };
		60C92D6125FC6F2500658B84 /* Assets.xcassets */ = {isa = PBXFileReference; lastKnownFileType = folder.assetcatalog; path = Assets.xcassets; sourceTree = "<group>"; };
		60C92D6425FC6F2500658B84 /* Base */ = {isa = PBXFileReference; lastKnownFileType = file.storyboard; name = Base; path = Base.lproj/LaunchScreen.storyboard; sourceTree = "<group>"; };
		60C92D6625FC6F2500658B84 /* Info.plist */ = {isa = PBXFileReference; lastKnownFileType = text.plist.xml; path = Info.plist; sourceTree = "<group>"; };
		60C92D6B25FC6F2600658B84 /* ParstagramTests.xctest */ = {isa = PBXFileReference; explicitFileType = wrapper.cfbundle; includeInIndex = 0; path = ParstagramTests.xctest; sourceTree = BUILT_PRODUCTS_DIR; };
		60C92D6F25FC6F2600658B84 /* ParstagramTests.swift */ = {isa = PBXFileReference; lastKnownFileType = sourcecode.swift; path = ParstagramTests.swift; sourceTree = "<group>"; };
		60C92D7125FC6F2600658B84 /* Info.plist */ = {isa = PBXFileReference; lastKnownFileType = text.plist.xml; path = Info.plist; sourceTree = "<group>"; };
		60C92D7625FC6F2600658B84 /* ParstagramUITests.xctest */ = {isa = PBXFileReference; explicitFileType = wrapper.cfbundle; includeInIndex = 0; path = ParstagramUITests.xctest; sourceTree = BUILT_PRODUCTS_DIR; };
		60C92D7A25FC6F2600658B84 /* ParstagramUITests.swift */ = {isa = PBXFileReference; lastKnownFileType = sourcecode.swift; path = ParstagramUITests.swift; sourceTree = "<group>"; };
		60C92D7C25FC6F2600658B84 /* Info.plist */ = {isa = PBXFileReference; lastKnownFileType = text.plist.xml; path = Info.plist; sourceTree = "<group>"; };
		60C92DCA25FC743900658B84 /* LoginViewController.swift */ = {isa = PBXFileReference; lastKnownFileType = sourcecode.swift; path = LoginViewController.swift; sourceTree = "<group>"; };
		60C92DD525FC745400658B84 /* FeedViewController.swift */ = {isa = PBXFileReference; lastKnownFileType = sourcecode.swift; path = FeedViewController.swift; sourceTree = "<group>"; };
		60C92E4A25FC866000658B84 /* CameraViewController.swift */ = {isa = PBXFileReference; lastKnownFileType = sourcecode.swift; path = CameraViewController.swift; sourceTree = "<group>"; };
		60C92E7825FC98D500658B84 /* PostCell.swift */ = {isa = PBXFileReference; lastKnownFileType = sourcecode.swift; path = PostCell.swift; sourceTree = "<group>"; };
		909BC74BAACDEEDB0C9650D8 /* Pods_Parstagram_ParstagramUITests.framework */ = {isa = PBXFileReference; explicitFileType = wrapper.framework; includeInIndex = 0; path = Pods_Parstagram_ParstagramUITests.framework; sourceTree = BUILT_PRODUCTS_DIR; };
		96D0068B340D7DA8946B2100 /* Pods_ParstagramTests.framework */ = {isa = PBXFileReference; explicitFileType = wrapper.framework; includeInIndex = 0; path = Pods_ParstagramTests.framework; sourceTree = BUILT_PRODUCTS_DIR; };
		B6408BCC64963986FE33F581 /* Pods-ParstagramTests.debug.xcconfig */ = {isa = PBXFileReference; includeInIndex = 1; lastKnownFileType = text.xcconfig; name = "Pods-ParstagramTests.debug.xcconfig"; path = "Target Support Files/Pods-ParstagramTests/Pods-ParstagramTests.debug.xcconfig"; sourceTree = "<group>"; };
		BA693A6AF27F976260639F4E /* Pods-Parstagram.debug.xcconfig */ = {isa = PBXFileReference; includeInIndex = 1; lastKnownFileType = text.xcconfig; name = "Pods-Parstagram.debug.xcconfig"; path = "Target Support Files/Pods-Parstagram/Pods-Parstagram.debug.xcconfig"; sourceTree = "<group>"; };
		DE40BA17366D6C2C848C9ED7 /* Pods_Parstagram.framework */ = {isa = PBXFileReference; explicitFileType = wrapper.framework; includeInIndex = 0; path = Pods_Parstagram.framework; sourceTree = BUILT_PRODUCTS_DIR; };
		E04FDE8AF7E6967B3F6EE914 /* Pods-Parstagram-ParstagramUITests.debug.xcconfig */ = {isa = PBXFileReference; includeInIndex = 1; lastKnownFileType = text.xcconfig; name = "Pods-Parstagram-ParstagramUITests.debug.xcconfig"; path = "Target Support Files/Pods-Parstagram-ParstagramUITests/Pods-Parstagram-ParstagramUITests.debug.xcconfig"; sourceTree = "<group>"; };
		FA577AA65E07402EACCEBD28 /* Pods-ParstagramTests.release.xcconfig */ = {isa = PBXFileReference; includeInIndex = 1; lastKnownFileType = text.xcconfig; name = "Pods-ParstagramTests.release.xcconfig"; path = "Target Support Files/Pods-ParstagramTests/Pods-ParstagramTests.release.xcconfig"; sourceTree = "<group>"; };
/* End PBXFileReference section */

/* Begin PBXFrameworksBuildPhase section */
		60C92D5225FC6F2200658B84 /* Frameworks */ = {
			isa = PBXFrameworksBuildPhase;
			buildActionMask = 2147483647;
			files = (
				7B305ACAEE04FF924DD10097 /* Pods_Parstagram.framework in Frameworks */,
			);
			runOnlyForDeploymentPostprocessing = 0;
		};
		60C92D6825FC6F2600658B84 /* Frameworks */ = {
			isa = PBXFrameworksBuildPhase;
			buildActionMask = 2147483647;
			files = (
				410C5C08B9145FF0355E90C0 /* Pods_ParstagramTests.framework in Frameworks */,
			);
			runOnlyForDeploymentPostprocessing = 0;
		};
		60C92D7325FC6F2600658B84 /* Frameworks */ = {
			isa = PBXFrameworksBuildPhase;
			buildActionMask = 2147483647;
			files = (
				AC5B4528DBDEC83050C6881E /* Pods_Parstagram_ParstagramUITests.framework in Frameworks */,
			);
			runOnlyForDeploymentPostprocessing = 0;
		};
/* End PBXFrameworksBuildPhase section */

/* Begin PBXGroup section */
		3FC711CA216ED3FA72AC9B0F /* Pods */ = {
			isa = PBXGroup;
			children = (
				BA693A6AF27F976260639F4E /* Pods-Parstagram.debug.xcconfig */,
				05285F0C0C30A3F6ABB6F9F1 /* Pods-Parstagram.release.xcconfig */,
				E04FDE8AF7E6967B3F6EE914 /* Pods-Parstagram-ParstagramUITests.debug.xcconfig */,
				29B78C8A353DD59E4C7622B9 /* Pods-Parstagram-ParstagramUITests.release.xcconfig */,
				B6408BCC64963986FE33F581 /* Pods-ParstagramTests.debug.xcconfig */,
				FA577AA65E07402EACCEBD28 /* Pods-ParstagramTests.release.xcconfig */,
			);
			path = Pods;
			sourceTree = "<group>";
		};
		60C92D4C25FC6F2200658B84 = {
			isa = PBXGroup;
			children = (
				60C92D5725FC6F2200658B84 /* Parstagram */,
				60C92D6E25FC6F2600658B84 /* ParstagramTests */,
				60C92D7925FC6F2600658B84 /* ParstagramUITests */,
				60C92D5625FC6F2200658B84 /* Products */,
				3FC711CA216ED3FA72AC9B0F /* Pods */,
				F0E6267A3953A5217251F257 /* Frameworks */,
			);
			sourceTree = "<group>";
		};
		60C92D5625FC6F2200658B84 /* Products */ = {
			isa = PBXGroup;
			children = (
				60C92D5525FC6F2200658B84 /* Parstagram.app */,
				60C92D6B25FC6F2600658B84 /* ParstagramTests.xctest */,
				60C92D7625FC6F2600658B84 /* ParstagramUITests.xctest */,
			);
			name = Products;
			sourceTree = "<group>";
		};
		60C92D5725FC6F2200658B84 /* Parstagram */ = {
			isa = PBXGroup;
			children = (
				60C92D5825FC6F2200658B84 /* AppDelegate.swift */,
				60C92D5A25FC6F2200658B84 /* SceneDelegate.swift */,
				60C92D5C25FC6F2200658B84 /* ViewController.swift */,
				60C92D5E25FC6F2200658B84 /* Main.storyboard */,
				60C92D6125FC6F2500658B84 /* Assets.xcassets */,
				60C92D6325FC6F2500658B84 /* LaunchScreen.storyboard */,
				60C92D6625FC6F2500658B84 /* Info.plist */,
				60C92DCA25FC743900658B84 /* LoginViewController.swift */,
				60C92DD525FC745400658B84 /* FeedViewController.swift */,
				60C92E4A25FC866000658B84 /* CameraViewController.swift */,
				60C92E7825FC98D500658B84 /* PostCell.swift */,
			);
			path = Parstagram;
			sourceTree = "<group>";
		};
		60C92D6E25FC6F2600658B84 /* ParstagramTests */ = {
			isa = PBXGroup;
			children = (
				60C92D6F25FC6F2600658B84 /* ParstagramTests.swift */,
				60C92D7125FC6F2600658B84 /* Info.plist */,
			);
			path = ParstagramTests;
			sourceTree = "<group>";
		};
		60C92D7925FC6F2600658B84 /* ParstagramUITests */ = {
			isa = PBXGroup;
			children = (
				60C92D7A25FC6F2600658B84 /* ParstagramUITests.swift */,
				60C92D7C25FC6F2600658B84 /* Info.plist */,
			);
			path = ParstagramUITests;
			sourceTree = "<group>";
		};
		F0E6267A3953A5217251F257 /* Frameworks */ = {
			isa = PBXGroup;
			children = (
				DE40BA17366D6C2C848C9ED7 /* Pods_Parstagram.framework */,
				909BC74BAACDEEDB0C9650D8 /* Pods_Parstagram_ParstagramUITests.framework */,
				96D0068B340D7DA8946B2100 /* Pods_ParstagramTests.framework */,
			);
			name = Frameworks;
			sourceTree = "<group>";
		};
/* End PBXGroup section */

/* Begin PBXNativeTarget section */
		60C92D5425FC6F2200658B84 /* Parstagram */ = {
			isa = PBXNativeTarget;
			buildConfigurationList = 60C92D7F25FC6F2600658B84 /* Build configuration list for PBXNativeTarget "Parstagram" */;
			buildPhases = (
				0F659B76436A7B4BE08F6C73 /* [CP] Check Pods Manifest.lock */,
				60C92D5125FC6F2200658B84 /* Sources */,
				60C92D5225FC6F2200658B84 /* Frameworks */,
				60C92D5325FC6F2200658B84 /* Resources */,
				72DD955442DC5E9460508C54 /* [CP] Embed Pods Frameworks */,
			);
			buildRules = (
			);
			dependencies = (
			);
			name = Parstagram;
			productName = Parstagram;
			productReference = 60C92D5525FC6F2200658B84 /* Parstagram.app */;
			productType = "com.apple.product-type.application";
		};
		60C92D6A25FC6F2600658B84 /* ParstagramTests */ = {
			isa = PBXNativeTarget;
			buildConfigurationList = 60C92D8225FC6F2600658B84 /* Build configuration list for PBXNativeTarget "ParstagramTests" */;
			buildPhases = (
				9EFE7A4A1C7BD7A2DBD13694 /* [CP] Check Pods Manifest.lock */,
				60C92D6725FC6F2600658B84 /* Sources */,
				60C92D6825FC6F2600658B84 /* Frameworks */,
				60C92D6925FC6F2600658B84 /* Resources */,
			);
			buildRules = (
			);
			dependencies = (
				60C92D6D25FC6F2600658B84 /* PBXTargetDependency */,
			);
			name = ParstagramTests;
			productName = ParstagramTests;
			productReference = 60C92D6B25FC6F2600658B84 /* ParstagramTests.xctest */;
			productType = "com.apple.product-type.bundle.unit-test";
		};
		60C92D7525FC6F2600658B84 /* ParstagramUITests */ = {
			isa = PBXNativeTarget;
			buildConfigurationList = 60C92D8525FC6F2600658B84 /* Build configuration list for PBXNativeTarget "ParstagramUITests" */;
			buildPhases = (
				B15A712E14F3059C7F5660C0 /* [CP] Check Pods Manifest.lock */,
				60C92D7225FC6F2600658B84 /* Sources */,
				60C92D7325FC6F2600658B84 /* Frameworks */,
				60C92D7425FC6F2600658B84 /* Resources */,
				96B839973303343A7EF234DB /* [CP] Embed Pods Frameworks */,
			);
			buildRules = (
			);
			dependencies = (
				60C92D7825FC6F2600658B84 /* PBXTargetDependency */,
			);
			name = ParstagramUITests;
			productName = ParstagramUITests;
			productReference = 60C92D7625FC6F2600658B84 /* ParstagramUITests.xctest */;
			productType = "com.apple.product-type.bundle.ui-testing";
		};
/* End PBXNativeTarget section */

/* Begin PBXProject section */
		60C92D4D25FC6F2200658B84 /* Project object */ = {
			isa = PBXProject;
			attributes = {
				LastSwiftUpdateCheck = 1240;
				LastUpgradeCheck = 1240;
				TargetAttributes = {
					60C92D5425FC6F2200658B84 = {
						CreatedOnToolsVersion = 12.4;
					};
					60C92D6A25FC6F2600658B84 = {
						CreatedOnToolsVersion = 12.4;
						TestTargetID = 60C92D5425FC6F2200658B84;
					};
					60C92D7525FC6F2600658B84 = {
						CreatedOnToolsVersion = 12.4;
						TestTargetID = 60C92D5425FC6F2200658B84;
					};
				};
			};
			buildConfigurationList = 60C92D5025FC6F2200658B84 /* Build configuration list for PBXProject "Parstagram" */;
			compatibilityVersion = "Xcode 9.3";
			developmentRegion = en;
			hasScannedForEncodings = 0;
			knownRegions = (
				en,
				Base,
			);
			mainGroup = 60C92D4C25FC6F2200658B84;
			productRefGroup = 60C92D5625FC6F2200658B84 /* Products */;
			projectDirPath = "";
			projectRoot = "";
			targets = (
				60C92D5425FC6F2200658B84 /* Parstagram */,
				60C92D6A25FC6F2600658B84 /* ParstagramTests */,
				60C92D7525FC6F2600658B84 /* ParstagramUITests */,
			);
		};
/* End PBXProject section */

/* Begin PBXResourcesBuildPhase section */
		60C92D5325FC6F2200658B84 /* Resources */ = {
			isa = PBXResourcesBuildPhase;
			buildActionMask = 2147483647;
			files = (
				60C92D6525FC6F2500658B84 /* LaunchScreen.storyboard in Resources */,
				60C92D6225FC6F2500658B84 /* Assets.xcassets in Resources */,
				60C92D6025FC6F2200658B84 /* Main.storyboard in Resources */,
			);
			runOnlyForDeploymentPostprocessing = 0;
		};
		60C92D6925FC6F2600658B84 /* Resources */ = {
			isa = PBXResourcesBuildPhase;
			buildActionMask = 2147483647;
			files = (
			);
			runOnlyForDeploymentPostprocessing = 0;
		};
		60C92D7425FC6F2600658B84 /* Resources */ = {
			isa = PBXResourcesBuildPhase;
			buildActionMask = 2147483647;
			files = (
			);
			runOnlyForDeploymentPostprocessing = 0;
		};
/* End PBXResourcesBuildPhase section */

/* Begin PBXShellScriptBuildPhase section */
		0F659B76436A7B4BE08F6C73 /* [CP] Check Pods Manifest.lock */ = {
			isa = PBXShellScriptBuildPhase;
			buildActionMask = 2147483647;
			files = (
			);
			inputFileListPaths = (
			);
			inputPaths = (
				"${PODS_PODFILE_DIR_PATH}/Podfile.lock",
				"${PODS_ROOT}/Manifest.lock",
			);
			name = "[CP] Check Pods Manifest.lock";
			outputFileListPaths = (
			);
			outputPaths = (
				"$(DERIVED_FILE_DIR)/Pods-Parstagram-checkManifestLockResult.txt",
			);
			runOnlyForDeploymentPostprocessing = 0;
			shellPath = /bin/sh;
			shellScript = "diff \"${PODS_PODFILE_DIR_PATH}/Podfile.lock\" \"${PODS_ROOT}/Manifest.lock\" > /dev/null\nif [ $? != 0 ] ; then\n    # print error to STDERR\n    echo \"error: The sandbox is not in sync with the Podfile.lock. Run 'pod install' or update your CocoaPods installation.\" >&2\n    exit 1\nfi\n# This output is used by Xcode 'outputs' to avoid re-running this script phase.\necho \"SUCCESS\" > \"${SCRIPT_OUTPUT_FILE_0}\"\n";
			showEnvVarsInLog = 0;
		};
		72DD955442DC5E9460508C54 /* [CP] Embed Pods Frameworks */ = {
			isa = PBXShellScriptBuildPhase;
			buildActionMask = 2147483647;
			files = (
			);
			inputFileListPaths = (
				"${PODS_ROOT}/Target Support Files/Pods-Parstagram/Pods-Parstagram-frameworks-${CONFIGURATION}-input-files.xcfilelist",
			);
			name = "[CP] Embed Pods Frameworks";
			outputFileListPaths = (
				"${PODS_ROOT}/Target Support Files/Pods-Parstagram/Pods-Parstagram-frameworks-${CONFIGURATION}-output-files.xcfilelist",
			);
			runOnlyForDeploymentPostprocessing = 0;
			shellPath = /bin/sh;
			shellScript = "\"${PODS_ROOT}/Target Support Files/Pods-Parstagram/Pods-Parstagram-frameworks.sh\"\n";
			showEnvVarsInLog = 0;
		};
		96B839973303343A7EF234DB /* [CP] Embed Pods Frameworks */ = {
			isa = PBXShellScriptBuildPhase;
			buildActionMask = 2147483647;
			files = (
			);
			inputFileListPaths = (
				"${PODS_ROOT}/Target Support Files/Pods-Parstagram-ParstagramUITests/Pods-Parstagram-ParstagramUITests-frameworks-${CONFIGURATION}-input-files.xcfilelist",
			);
			name = "[CP] Embed Pods Frameworks";
			outputFileListPaths = (
				"${PODS_ROOT}/Target Support Files/Pods-Parstagram-ParstagramUITests/Pods-Parstagram-ParstagramUITests-frameworks-${CONFIGURATION}-output-files.xcfilelist",
			);
			runOnlyForDeploymentPostprocessing = 0;
			shellPath = /bin/sh;
			shellScript = "\"${PODS_ROOT}/Target Support Files/Pods-Parstagram-ParstagramUITests/Pods-Parstagram-ParstagramUITests-frameworks.sh\"\n";
			showEnvVarsInLog = 0;
		};
		9EFE7A4A1C7BD7A2DBD13694 /* [CP] Check Pods Manifest.lock */ = {
			isa = PBXShellScriptBuildPhase;
			buildActionMask = 2147483647;
			files = (
			);
			inputFileListPaths = (
			);
			inputPaths = (
				"${PODS_PODFILE_DIR_PATH}/Podfile.lock",
				"${PODS_ROOT}/Manifest.lock",
			);
			name = "[CP] Check Pods Manifest.lock";
			outputFileListPaths = (
			);
			outputPaths = (
				"$(DERIVED_FILE_DIR)/Pods-ParstagramTests-checkManifestLockResult.txt",
			);
			runOnlyForDeploymentPostprocessing = 0;
			shellPath = /bin/sh;
			shellScript = "diff \"${PODS_PODFILE_DIR_PATH}/Podfile.lock\" \"${PODS_ROOT}/Manifest.lock\" > /dev/null\nif [ $? != 0 ] ; then\n    # print error to STDERR\n    echo \"error: The sandbox is not in sync with the Podfile.lock. Run 'pod install' or update your CocoaPods installation.\" >&2\n    exit 1\nfi\n# This output is used by Xcode 'outputs' to avoid re-running this script phase.\necho \"SUCCESS\" > \"${SCRIPT_OUTPUT_FILE_0}\"\n";
			showEnvVarsInLog = 0;
		};
		B15A712E14F3059C7F5660C0 /* [CP] Check Pods Manifest.lock */ = {
			isa = PBXShellScriptBuildPhase;
			buildActionMask = 2147483647;
			files = (
			);
			inputFileListPaths = (
			);
			inputPaths = (
				"${PODS_PODFILE_DIR_PATH}/Podfile.lock",
				"${PODS_ROOT}/Manifest.lock",
			);
			name = "[CP] Check Pods Manifest.lock";
			outputFileListPaths = (
			);
			outputPaths = (
				"$(DERIVED_FILE_DIR)/Pods-Parstagram-ParstagramUITests-checkManifestLockResult.txt",
			);
			runOnlyForDeploymentPostprocessing = 0;
			shellPath = /bin/sh;
			shellScript = "diff \"${PODS_PODFILE_DIR_PATH}/Podfile.lock\" \"${PODS_ROOT}/Manifest.lock\" > /dev/null\nif [ $? != 0 ] ; then\n    # print error to STDERR\n    echo \"error: The sandbox is not in sync with the Podfile.lock. Run 'pod install' or update your CocoaPods installation.\" >&2\n    exit 1\nfi\n# This output is used by Xcode 'outputs' to avoid re-running this script phase.\necho \"SUCCESS\" > \"${SCRIPT_OUTPUT_FILE_0}\"\n";
			showEnvVarsInLog = 0;
		};
/* End PBXShellScriptBuildPhase section */

/* Begin PBXSourcesBuildPhase section */
		60C92D5125FC6F2200658B84 /* Sources */ = {
			isa = PBXSourcesBuildPhase;
			buildActionMask = 2147483647;
			files = (
				60C92E7925FC98D500658B84 /* PostCell.swift in Sources */,
				60C92DCB25FC743900658B84 /* LoginViewController.swift in Sources */,
				60C92D5D25FC6F2200658B84 /* ViewController.swift in Sources */,
				60C92DD625FC745400658B84 /* FeedViewController.swift in Sources */,
				60C92D5925FC6F2200658B84 /* AppDelegate.swift in Sources */,
				60C92D5B25FC6F2200658B84 /* SceneDelegate.swift in Sources */,
				60C92E4B25FC866000658B84 /* CameraViewController.swift in Sources */,
			);
			runOnlyForDeploymentPostprocessing = 0;
		};
		60C92D6725FC6F2600658B84 /* Sources */ = {
			isa = PBXSourcesBuildPhase;
			buildActionMask = 2147483647;
			files = (
				60C92D7025FC6F2600658B84 /* ParstagramTests.swift in Sources */,
			);
			runOnlyForDeploymentPostprocessing = 0;
		};
		60C92D7225FC6F2600658B84 /* Sources */ = {
			isa = PBXSourcesBuildPhase;
			buildActionMask = 2147483647;
			files = (
				60C92D7B25FC6F2600658B84 /* ParstagramUITests.swift in Sources */,
			);
			runOnlyForDeploymentPostprocessing = 0;
		};
/* End PBXSourcesBuildPhase section */

/* Begin PBXTargetDependency section */
		60C92D6D25FC6F2600658B84 /* PBXTargetDependency */ = {
			isa = PBXTargetDependency;
			target = 60C92D5425FC6F2200658B84 /* Parstagram */;
			targetProxy = 60C92D6C25FC6F2600658B84 /* PBXContainerItemProxy */;
		};
		60C92D7825FC6F2600658B84 /* PBXTargetDependency */ = {
			isa = PBXTargetDependency;
			target = 60C92D5425FC6F2200658B84 /* Parstagram */;
			targetProxy = 60C92D7725FC6F2600658B84 /* PBXContainerItemProxy */;
		};
/* End PBXTargetDependency section */

/* Begin PBXVariantGroup section */
		60C92D5E25FC6F2200658B84 /* Main.storyboard */ = {
			isa = PBXVariantGroup;
			children = (
				60C92D5F25FC6F2200658B84 /* Base */,
			);
			name = Main.storyboard;
			sourceTree = "<group>";
		};
		60C92D6325FC6F2500658B84 /* LaunchScreen.storyboard */ = {
			isa = PBXVariantGroup;
			children = (
				60C92D6425FC6F2500658B84 /* Base */,
			);
			name = LaunchScreen.storyboard;
			sourceTree = "<group>";
		};
/* End PBXVariantGroup section */

/* Begin XCBuildConfiguration section */
		60C92D7D25FC6F2600658B84 /* Debug */ = {
			isa = XCBuildConfiguration;
			buildSettings = {
				ALWAYS_SEARCH_USER_PATHS = NO;
				CLANG_ANALYZER_NONNULL = YES;
				CLANG_ANALYZER_NUMBER_OBJECT_CONVERSION = YES_AGGRESSIVE;
				CLANG_CXX_LANGUAGE_STANDARD = "gnu++14";
				CLANG_CXX_LIBRARY = "libc++";
				CLANG_ENABLE_MODULES = YES;
				CLANG_ENABLE_OBJC_ARC = YES;
				CLANG_ENABLE_OBJC_WEAK = YES;
				CLANG_WARN_BLOCK_CAPTURE_AUTORELEASING = YES;
				CLANG_WARN_BOOL_CONVERSION = YES;
				CLANG_WARN_COMMA = YES;
				CLANG_WARN_CONSTANT_CONVERSION = YES;
				CLANG_WARN_DEPRECATED_OBJC_IMPLEMENTATIONS = YES;
				CLANG_WARN_DIRECT_OBJC_ISA_USAGE = YES_ERROR;
				CLANG_WARN_DOCUMENTATION_COMMENTS = YES;
				CLANG_WARN_EMPTY_BODY = YES;
				CLANG_WARN_ENUM_CONVERSION = YES;
				CLANG_WARN_INFINITE_RECURSION = YES;
				CLANG_WARN_INT_CONVERSION = YES;
				CLANG_WARN_NON_LITERAL_NULL_CONVERSION = YES;
				CLANG_WARN_OBJC_IMPLICIT_RETAIN_SELF = YES;
				CLANG_WARN_OBJC_LITERAL_CONVERSION = YES;
				CLANG_WARN_OBJC_ROOT_CLASS = YES_ERROR;
				CLANG_WARN_QUOTED_INCLUDE_IN_FRAMEWORK_HEADER = YES;
				CLANG_WARN_RANGE_LOOP_ANALYSIS = YES;
				CLANG_WARN_STRICT_PROTOTYPES = YES;
				CLANG_WARN_SUSPICIOUS_MOVE = YES;
				CLANG_WARN_UNGUARDED_AVAILABILITY = YES_AGGRESSIVE;
				CLANG_WARN_UNREACHABLE_CODE = YES;
				CLANG_WARN__DUPLICATE_METHOD_MATCH = YES;
				COPY_PHASE_STRIP = NO;
				DEBUG_INFORMATION_FORMAT = dwarf;
				ENABLE_STRICT_OBJC_MSGSEND = YES;
				ENABLE_TESTABILITY = YES;
				GCC_C_LANGUAGE_STANDARD = gnu11;
				GCC_DYNAMIC_NO_PIC = NO;
				GCC_NO_COMMON_BLOCKS = YES;
				GCC_OPTIMIZATION_LEVEL = 0;
				GCC_PREPROCESSOR_DEFINITIONS = (
					"DEBUG=1",
					"$(inherited)",
				);
				GCC_WARN_64_TO_32_BIT_CONVERSION = YES;
				GCC_WARN_ABOUT_RETURN_TYPE = YES_ERROR;
				GCC_WARN_UNDECLARED_SELECTOR = YES;
				GCC_WARN_UNINITIALIZED_AUTOS = YES_AGGRESSIVE;
				GCC_WARN_UNUSED_FUNCTION = YES;
				GCC_WARN_UNUSED_VARIABLE = YES;
				IPHONEOS_DEPLOYMENT_TARGET = 14.4;
				MTL_ENABLE_DEBUG_INFO = INCLUDE_SOURCE;
				MTL_FAST_MATH = YES;
				ONLY_ACTIVE_ARCH = YES;
				SDKROOT = iphoneos;
				SWIFT_ACTIVE_COMPILATION_CONDITIONS = DEBUG;
				SWIFT_OPTIMIZATION_LEVEL = "-Onone";
			};
			name = Debug;
		};
		60C92D7E25FC6F2600658B84 /* Release */ = {
			isa = XCBuildConfiguration;
			buildSettings = {
				ALWAYS_SEARCH_USER_PATHS = NO;
				CLANG_ANALYZER_NONNULL = YES;
				CLANG_ANALYZER_NUMBER_OBJECT_CONVERSION = YES_AGGRESSIVE;
				CLANG_CXX_LANGUAGE_STANDARD = "gnu++14";
				CLANG_CXX_LIBRARY = "libc++";
				CLANG_ENABLE_MODULES = YES;
				CLANG_ENABLE_OBJC_ARC = YES;
				CLANG_ENABLE_OBJC_WEAK = YES;
				CLANG_WARN_BLOCK_CAPTURE_AUTORELEASING = YES;
				CLANG_WARN_BOOL_CONVERSION = YES;
				CLANG_WARN_COMMA = YES;
				CLANG_WARN_CONSTANT_CONVERSION = YES;
				CLANG_WARN_DEPRECATED_OBJC_IMPLEMENTATIONS = YES;
				CLANG_WARN_DIRECT_OBJC_ISA_USAGE = YES_ERROR;
				CLANG_WARN_DOCUMENTATION_COMMENTS = YES;
				CLANG_WARN_EMPTY_BODY = YES;
				CLANG_WARN_ENUM_CONVERSION = YES;
				CLANG_WARN_INFINITE_RECURSION = YES;
				CLANG_WARN_INT_CONVERSION = YES;
				CLANG_WARN_NON_LITERAL_NULL_CONVERSION = YES;
				CLANG_WARN_OBJC_IMPLICIT_RETAIN_SELF = YES;
				CLANG_WARN_OBJC_LITERAL_CONVERSION = YES;
				CLANG_WARN_OBJC_ROOT_CLASS = YES_ERROR;
				CLANG_WARN_QUOTED_INCLUDE_IN_FRAMEWORK_HEADER = YES;
				CLANG_WARN_RANGE_LOOP_ANALYSIS = YES;
				CLANG_WARN_STRICT_PROTOTYPES = YES;
				CLANG_WARN_SUSPICIOUS_MOVE = YES;
				CLANG_WARN_UNGUARDED_AVAILABILITY = YES_AGGRESSIVE;
				CLANG_WARN_UNREACHABLE_CODE = YES;
				CLANG_WARN__DUPLICATE_METHOD_MATCH = YES;
				COPY_PHASE_STRIP = NO;
				DEBUG_INFORMATION_FORMAT = "dwarf-with-dsym";
				ENABLE_NS_ASSERTIONS = NO;
				ENABLE_STRICT_OBJC_MSGSEND = YES;
				GCC_C_LANGUAGE_STANDARD = gnu11;
				GCC_NO_COMMON_BLOCKS = YES;
				GCC_WARN_64_TO_32_BIT_CONVERSION = YES;
				GCC_WARN_ABOUT_RETURN_TYPE = YES_ERROR;
				GCC_WARN_UNDECLARED_SELECTOR = YES;
				GCC_WARN_UNINITIALIZED_AUTOS = YES_AGGRESSIVE;
				GCC_WARN_UNUSED_FUNCTION = YES;
				GCC_WARN_UNUSED_VARIABLE = YES;
				IPHONEOS_DEPLOYMENT_TARGET = 14.4;
				MTL_ENABLE_DEBUG_INFO = NO;
				MTL_FAST_MATH = YES;
				SDKROOT = iphoneos;
				SWIFT_COMPILATION_MODE = wholemodule;
				SWIFT_OPTIMIZATION_LEVEL = "-O";
				VALIDATE_PRODUCT = YES;
			};
			name = Release;
		};
		60C92D8025FC6F2600658B84 /* Debug */ = {
			isa = XCBuildConfiguration;
			baseConfigurationReference = BA693A6AF27F976260639F4E /* Pods-Parstagram.debug.xcconfig */;
			buildSettings = {
				ASSETCATALOG_COMPILER_APPICON_NAME = AppIcon;
				ASSETCATALOG_COMPILER_GLOBAL_ACCENT_COLOR_NAME = AccentColor;
				CODE_SIGN_STYLE = Automatic;
				INFOPLIST_FILE = Parstagram/Info.plist;
				LD_RUNPATH_SEARCH_PATHS = (
					"$(inherited)",
					"@executable_path/Frameworks",
				);
				PRODUCT_BUNDLE_IDENTIFIER = "Gerardo-Aldana.Parstagram";
				PRODUCT_NAME = "$(TARGET_NAME)";
				SWIFT_VERSION = 5.0;
				TARGETED_DEVICE_FAMILY = "1,2";
			};
			name = Debug;
		};
		60C92D8125FC6F2600658B84 /* Release */ = {
			isa = XCBuildConfiguration;
			baseConfigurationReference = 05285F0C0C30A3F6ABB6F9F1 /* Pods-Parstagram.release.xcconfig */;
			buildSettings = {
				ASSETCATALOG_COMPILER_APPICON_NAME = AppIcon;
				ASSETCATALOG_COMPILER_GLOBAL_ACCENT_COLOR_NAME = AccentColor;
				CODE_SIGN_STYLE = Automatic;
				INFOPLIST_FILE = Parstagram/Info.plist;
				LD_RUNPATH_SEARCH_PATHS = (
					"$(inherited)",
					"@executable_path/Frameworks",
				);
				PRODUCT_BUNDLE_IDENTIFIER = "Gerardo-Aldana.Parstagram";
				PRODUCT_NAME = "$(TARGET_NAME)";
				SWIFT_VERSION = 5.0;
				TARGETED_DEVICE_FAMILY = "1,2";
			};
			name = Release;
		};
		60C92D8325FC6F2600658B84 /* Debug */ = {
			isa = XCBuildConfiguration;
			baseConfigurationReference = B6408BCC64963986FE33F581 /* Pods-ParstagramTests.debug.xcconfig */;
			buildSettings = {
				ALWAYS_EMBED_SWIFT_STANDARD_LIBRARIES = YES;
				BUNDLE_LOADER = "$(TEST_HOST)";
				CODE_SIGN_STYLE = Automatic;
				INFOPLIST_FILE = ParstagramTests/Info.plist;
				IPHONEOS_DEPLOYMENT_TARGET = 14.4;
				LD_RUNPATH_SEARCH_PATHS = (
					"$(inherited)",
					"@executable_path/Frameworks",
					"@loader_path/Frameworks",
				);
				PRODUCT_BUNDLE_IDENTIFIER = "Gerardo-Aldana.ParstagramTests";
				PRODUCT_NAME = "$(TARGET_NAME)";
				SWIFT_VERSION = 5.0;
				TARGETED_DEVICE_FAMILY = "1,2";
				TEST_HOST = "$(BUILT_PRODUCTS_DIR)/Parstagram.app/Parstagram";
			};
			name = Debug;
		};
		60C92D8425FC6F2600658B84 /* Release */ = {
			isa = XCBuildConfiguration;
			baseConfigurationReference = FA577AA65E07402EACCEBD28 /* Pods-ParstagramTests.release.xcconfig */;
			buildSettings = {
				ALWAYS_EMBED_SWIFT_STANDARD_LIBRARIES = YES;
				BUNDLE_LOADER = "$(TEST_HOST)";
				CODE_SIGN_STYLE = Automatic;
				INFOPLIST_FILE = ParstagramTests/Info.plist;
				IPHONEOS_DEPLOYMENT_TARGET = 14.4;
				LD_RUNPATH_SEARCH_PATHS = (
					"$(inherited)",
					"@executable_path/Frameworks",
					"@loader_path/Frameworks",
				);
				PRODUCT_BUNDLE_IDENTIFIER = "Gerardo-Aldana.ParstagramTests";
				PRODUCT_NAME = "$(TARGET_NAME)";
				SWIFT_VERSION = 5.0;
				TARGETED_DEVICE_FAMILY = "1,2";
				TEST_HOST = "$(BUILT_PRODUCTS_DIR)/Parstagram.app/Parstagram";
			};
			name = Release;
		};
		60C92D8625FC6F2600658B84 /* Debug */ = {
			isa = XCBuildConfiguration;
			baseConfigurationReference = E04FDE8AF7E6967B3F6EE914 /* Pods-Parstagram-ParstagramUITests.debug.xcconfig */;
			buildSettings = {
				ALWAYS_EMBED_SWIFT_STANDARD_LIBRARIES = YES;
				CODE_SIGN_STYLE = Automatic;
				INFOPLIST_FILE = ParstagramUITests/Info.plist;
				LD_RUNPATH_SEARCH_PATHS = (
					"$(inherited)",
					"@executable_path/Frameworks",
					"@loader_path/Frameworks",
				);
				PRODUCT_BUNDLE_IDENTIFIER = "Gerardo-Aldana.ParstagramUITests";
				PRODUCT_NAME = "$(TARGET_NAME)";
				SWIFT_VERSION = 5.0;
				TARGETED_DEVICE_FAMILY = "1,2";
				TEST_TARGET_NAME = Parstagram;
			};
			name = Debug;
		};
		60C92D8725FC6F2600658B84 /* Release */ = {
			isa = XCBuildConfiguration;
			baseConfigurationReference = 29B78C8A353DD59E4C7622B9 /* Pods-Parstagram-ParstagramUITests.release.xcconfig */;
			buildSettings = {
				ALWAYS_EMBED_SWIFT_STANDARD_LIBRARIES = YES;
				CODE_SIGN_STYLE = Automatic;
				INFOPLIST_FILE = ParstagramUITests/Info.plist;
				LD_RUNPATH_SEARCH_PATHS = (
					"$(inherited)",
					"@executable_path/Frameworks",
					"@loader_path/Frameworks",
				);
				PRODUCT_BUNDLE_IDENTIFIER = "Gerardo-Aldana.ParstagramUITests";
				PRODUCT_NAME = "$(TARGET_NAME)";
				SWIFT_VERSION = 5.0;
				TARGETED_DEVICE_FAMILY = "1,2";
				TEST_TARGET_NAME = Parstagram;
			};
			name = Release;
		};
/* End XCBuildConfiguration section */

/* Begin XCConfigurationList section */
		60C92D5025FC6F2200658B84 /* Build configuration list for PBXProject "Parstagram" */ = {
			isa = XCConfigurationList;
			buildConfigurations = (
				60C92D7D25FC6F2600658B84 /* Debug */,
				60C92D7E25FC6F2600658B84 /* Release */,
			);
			defaultConfigurationIsVisible = 0;
			defaultConfigurationName = Release;
		};
		60C92D7F25FC6F2600658B84 /* Build configuration list for PBXNativeTarget "Parstagram" */ = {
			isa = XCConfigurationList;
			buildConfigurations = (
				60C92D8025FC6F2600658B84 /* Debug */,
				60C92D8125FC6F2600658B84 /* Release */,
			);
			defaultConfigurationIsVisible = 0;
			defaultConfigurationName = Release;
		};
		60C92D8225FC6F2600658B84 /* Build configuration list for PBXNativeTarget "ParstagramTests" */ = {
			isa = XCConfigurationList;
			buildConfigurations = (
				60C92D8325FC6F2600658B84 /* Debug */,
				60C92D8425FC6F2600658B84 /* Release */,
			);
			defaultConfigurationIsVisible = 0;
			defaultConfigurationName = Release;
		};
		60C92D8525FC6F2600658B84 /* Build configuration list for PBXNativeTarget "ParstagramUITests" */ = {
			isa = XCConfigurationList;
			buildConfigurations = (
				60C92D8625FC6F2600658B84 /* Debug */,
				60C92D8725FC6F2600658B84 /* Release */,
			);
			defaultConfigurationIsVisible = 0;
			defaultConfigurationName = Release;
		};
/* End XCConfigurationList section */
	};
	rootObject = 60C92D4D25FC6F2200658B84 /* Project object */;
}
